
Microsoft Visual Studio Solution File, Format Version 12.00
# Visual Studio Version 17
VisualStudioVersion = 17.9.34701.34
MinimumVisualStudioVersion = 10.0.40219.1
Project("{FAE04EC0-301F-11D3-BF4B-00C04F79EFBC}") = "Moodle-Clone.API", "Moodle-Clone.API\Moodle-Clone.API.csproj", "{7DBAE8C3-8FC5-47B0-B1DD-96280291D273}"
EndProject
Project("{FAE04EC0-301F-11D3-BF4B-00C04F79EFBC}") = "Moodle-Clone.Domain", "Moodle-Clone.Domain\Moodle-Clone.Domain.csproj", "{43009683-F423-4637-8D11-00C888BEC018}"
EndProject
Project("{FAE04EC0-301F-11D3-BF4B-00C04F79EFBC}") = "Moodle-Clone.Application", "Moodle-Clone.Application\Moodle-Clone.Application.csproj", "{4CA7DB6A-4B0E-42DF-830B-A8775EA175A4}"
EndProject
Project("{FAE04EC0-301F-11D3-BF4B-00C04F79EFBC}") = "Moodle-Clone.Infrastructure", "Moodle-Clone.Infrastructure\Moodle-Clone.Infrastructure.csproj", "{A36BC635-F211-4CE0-BD4A-70A0543E24FD}"
EndProject
Global
	GlobalSection(SolutionConfigurationPlatforms) = preSolution
		Debug|Any CPU = Debug|Any CPU
		Release|Any CPU = Release|Any CPU
	EndGlobalSection
	GlobalSection(ProjectConfigurationPlatforms) = postSolution
		{7DBAE8C3-8FC5-47B0-B1DD-96280291D273}.Debug|Any CPU.ActiveCfg = Debug|Any CPU
		{7DBAE8C3-8FC5-47B0-B1DD-96280291D273}.Debug|Any CPU.Build.0 = Debug|Any CPU
		{7DBAE8C3-8FC5-47B0-B1DD-96280291D273}.Release|Any CPU.ActiveCfg = Release|Any CPU
		{7DBAE8C3-8FC5-47B0-B1DD-96280291D273}.Release|Any CPU.Build.0 = Release|Any CPU
		{43009683-F423-4637-8D11-00C888BEC018}.Debug|Any CPU.ActiveCfg = Debug|Any CPU
		{43009683-F423-4637-8D11-00C888BEC018}.Debug|Any CPU.Build.0 = Debug|Any CPU
		{43009683-F423-4637-8D11-00C888BEC018}.Release|Any CPU.ActiveCfg = Release|Any CPU
		{43009683-F423-4637-8D11-00C888BEC018}.Release|Any CPU.Build.0 = Release|Any CPU
		{4CA7DB6A-4B0E-42DF-830B-A8775EA175A4}.Debug|Any CPU.ActiveCfg = Debug|Any CPU
		{4CA7DB6A-4B0E-42DF-830B-A8775EA175A4}.Debug|Any CPU.Build.0 = Debug|Any CPU
		{4CA7DB6A-4B0E-42DF-830B-A8775EA175A4}.Release|Any CPU.ActiveCfg = Release|Any CPU
		{4CA7DB6A-4B0E-42DF-830B-A8775EA175A4}.Release|Any CPU.Build.0 = Release|Any CPU
		{A36BC635-F211-4CE0-BD4A-70A0543E24FD}.Debug|Any CPU.ActiveCfg = Debug|Any CPU
		{A36BC635-F211-4CE0-BD4A-70A0543E24FD}.Debug|Any CPU.Build.0 = Debug|Any CPU
		{A36BC635-F211-4CE0-BD4A-70A0543E24FD}.Release|Any CPU.ActiveCfg = Release|Any CPU
		{A36BC635-F211-4CE0-BD4A-70A0543E24FD}.Release|Any CPU.Build.0 = Release|Any CPU
	EndGlobalSection
	GlobalSection(SolutionProperties) = preSolution
		HideSolutionNode = FALSE
	EndGlobalSection
	GlobalSection(ExtensibilityGlobals) = postSolution
		SolutionGuid = {61828553-6B0E-4D34-B1FE-C2A1987BE52D}
	EndGlobalSection
EndGlobal
